
Microsoft Visual Studio Solution File, Format Version 12.00
# Visual Studio Version 16
VisualStudioVersion = 16.0.30517.126
MinimumVisualStudioVersion = 10.0.40219.1
Project("{FAE04EC0-301F-11D3-BF4B-00C04F79EFBC}") = "CertificatePinning.Android", "CertificatePinning\CertificatePinning.Android\CertificatePinning.Android.csproj", "{3EFD5EAB-AAAB-4F7C-9912-BF5C40CC84C1}"
EndProject
Project("{FAE04EC0-301F-11D3-BF4B-00C04F79EFBC}") = "CertificatePinning.iOS", "CertificatePinning\CertificatePinning.iOS\CertificatePinning.iOS.csproj", "{CC471873-1AF1-4D93-AA1A-7CC7C942EA3F}"
EndProject
Project("{FAE04EC0-301F-11D3-BF4B-00C04F79EFBC}") = "CertificatePinning", "CertificatePinning\CertificatePinning\CertificatePinning.csproj", "{3A2D7008-3CDB-46AE-BE11-662E4079AC14}"
EndProject
Global
	GlobalSection(SolutionConfigurationPlatforms) = preSolution
		Debug|Any CPU = Debug|Any CPU
		Debug|iPhone = Debug|iPhone
		Debug|iPhoneSimulator = Debug|iPhoneSimulator
		Release|Any CPU = Release|Any CPU
		Release|iPhone = Release|iPhone
		Release|iPhoneSimulator = Release|iPhoneSimulator
	EndGlobalSection
	GlobalSection(ProjectConfigurationPlatforms) = postSolution
		{3EFD5EAB-AAAB-4F7C-9912-BF5C40CC84C1}.Debug|Any CPU.ActiveCfg = Debug|Any CPU
		{3EFD5EAB-AAAB-4F7C-9912-BF5C40CC84C1}.Debug|Any CPU.Build.0 = Debug|Any CPU
		{3EFD5EAB-AAAB-4F7C-9912-BF5C40CC84C1}.Debug|Any CPU.Deploy.0 = Debug|Any CPU
		{3EFD5EAB-AAAB-4F7C-9912-BF5C40CC84C1}.Debug|iPhone.ActiveCfg = Debug|Any CPU
		{3EFD5EAB-AAAB-4F7C-9912-BF5C40CC84C1}.Debug|iPhone.Build.0 = Debug|Any CPU
		{3EFD5EAB-AAAB-4F7C-9912-BF5C40CC84C1}.Debug|iPhone.Deploy.0 = Debug|Any CPU
		{3EFD5EAB-AAAB-4F7C-9912-BF5C40CC84C1}.Debug|iPhoneSimulator.ActiveCfg = Debug|Any CPU
		{3EFD5EAB-AAAB-4F7C-9912-BF5C40CC84C1}.Debug|iPhoneSimulator.Build.0 = Debug|Any CPU
		{3EFD5EAB-AAAB-4F7C-9912-BF5C40CC84C1}.Debug|iPhoneSimulator.Deploy.0 = Debug|Any CPU
		{3EFD5EAB-AAAB-4F7C-9912-BF5C40CC84C1}.Release|Any CPU.ActiveCfg = Release|Any CPU
		{3EFD5EAB-AAAB-4F7C-9912-BF5C40CC84C1}.Release|Any CPU.Build.0 = Release|Any CPU
		{3EFD5EAB-AAAB-4F7C-9912-BF5C40CC84C1}.Release|Any CPU.Deploy.0 = Release|Any CPU
		{3EFD5EAB-AAAB-4F7C-9912-BF5C40CC84C1}.Release|iPhone.ActiveCfg = Release|Any CPU
		{3EFD5EAB-AAAB-4F7C-9912-BF5C40CC84C1}.Release|iPhone.Build.0 = Release|Any CPU
		{3EFD5EAB-AAAB-4F7C-9912-BF5C40CC84C1}.Release|iPhone.Deploy.0 = Release|Any CPU
		{3EFD5EAB-AAAB-4F7C-9912-BF5C40CC84C1}.Release|iPhoneSimulator.ActiveCfg = Release|Any CPU
		{3EFD5EAB-AAAB-4F7C-9912-BF5C40CC84C1}.Release|iPhoneSimulator.Build.0 = Release|Any CPU
		{3EFD5EAB-AAAB-4F7C-9912-BF5C40CC84C1}.Release|iPhoneSimulator.Deploy.0 = Release|Any CPU
		{CC471873-1AF1-4D93-AA1A-7CC7C942EA3F}.Debug|Any CPU.ActiveCfg = Debug|iPhone
		{CC471873-1AF1-4D93-AA1A-7CC7C942EA3F}.Debug|Any CPU.Build.0 = Debug|iPhone
		{CC471873-1AF1-4D93-AA1A-7CC7C942EA3F}.Debug|Any CPU.Deploy.0 = Debug|iPhone
		{CC471873-1AF1-4D93-AA1A-7CC7C942EA3F}.Debug|iPhone.ActiveCfg = Debug|iPhone
		{CC471873-1AF1-4D93-AA1A-7CC7C942EA3F}.Debug|iPhone.Build.0 = Debug|iPhone
		{CC471873-1AF1-4D93-AA1A-7CC7C942EA3F}.Debug|iPhone.Deploy.0 = Debug|iPhone
		{CC471873-1AF1-4D93-AA1A-7CC7C942EA3F}.Debug|iPhoneSimulator.ActiveCfg = Debug|iPhoneSimulator
		{CC471873-1AF1-4D93-AA1A-7CC7C942EA3F}.Debug|iPhoneSimulator.Build.0 = Debug|iPhoneSimulator
		{CC471873-1AF1-4D93-AA1A-7CC7C942EA3F}.Debug|iPhoneSimulator.Deploy.0 = Debug|iPhoneSimulator
		{CC471873-1AF1-4D93-AA1A-7CC7C942EA3F}.Release|Any CPU.ActiveCfg = Release|iPhoneSimulator
		{CC471873-1AF1-4D93-AA1A-7CC7C942EA3F}.Release|Any CPU.Build.0 = Release|iPhoneSimulator
		{CC471873-1AF1-4D93-AA1A-7CC7C942EA3F}.Release|Any CPU.Deploy.0 = Release|iPhoneSimulator
		{CC471873-1AF1-4D93-AA1A-7CC7C942EA3F}.Release|iPhone.ActiveCfg = Release|iPhone
		{CC471873-1AF1-4D93-AA1A-7CC7C942EA3F}.Release|iPhone.Build.0 = Release|iPhone
		{CC471873-1AF1-4D93-AA1A-7CC7C942EA3F}.Release|iPhone.Deploy.0 = Release|iPhone
		{CC471873-1AF1-4D93-AA1A-7CC7C942EA3F}.Release|iPhoneSimulator.ActiveCfg = Release|iPhoneSimulator
		{CC471873-1AF1-4D93-AA1A-7CC7C942EA3F}.Release|iPhoneSimulator.Build.0 = Release|iPhoneSimulator
		{CC471873-1AF1-4D93-AA1A-7CC7C942EA3F}.Release|iPhoneSimulator.Deploy.0 = Release|iPhoneSimulator
		{3A2D7008-3CDB-46AE-BE11-662E4079AC14}.Debug|Any CPU.ActiveCfg = Debug|Any CPU
		{3A2D7008-3CDB-46AE-BE11-662E4079AC14}.Debug|Any CPU.Build.0 = Debug|Any CPU
		{3A2D7008-3CDB-46AE-BE11-662E4079AC14}.Debug|Any CPU.Deploy.0 = Debug|Any CPU
		{3A2D7008-3CDB-46AE-BE11-662E4079AC14}.Debug|iPhone.ActiveCfg = Debug|Any CPU
		{3A2D7008-3CDB-46AE-BE11-662E4079AC14}.Debug|iPhone.Build.0 = Debug|Any CPU
		{3A2D7008-3CDB-46AE-BE11-662E4079AC14}.Debug|iPhone.Deploy.0 = Debug|Any CPU
		{3A2D7008-3CDB-46AE-BE11-662E4079AC14}.Debug|iPhoneSimulator.ActiveCfg = Debug|Any CPU
		{3A2D7008-3CDB-46AE-BE11-662E4079AC14}.Debug|iPhoneSimulator.Build.0 = Debug|Any CPU
		{3A2D7008-3CDB-46AE-BE11-662E4079AC14}.Debug|iPhoneSimulator.Deploy.0 = Debug|Any CPU
		{3A2D7008-3CDB-46AE-BE11-662E4079AC14}.Release|Any CPU.ActiveCfg = Release|Any CPU
		{3A2D7008-3CDB-46AE-BE11-662E4079AC14}.Release|Any CPU.Build.0 = Release|Any CPU
		{3A2D7008-3CDB-46AE-BE11-662E4079AC14}.Release|Any CPU.Deploy.0 = Release|Any CPU
		{3A2D7008-3CDB-46AE-BE11-662E4079AC14}.Release|iPhone.ActiveCfg = Release|Any CPU
		{3A2D7008-3CDB-46AE-BE11-662E4079AC14}.Release|iPhone.Build.0 = Release|Any CPU
		{3A2D7008-3CDB-46AE-BE11-662E4079AC14}.Release|iPhone.Deploy.0 = Release|Any CPU
		{3A2D7008-3CDB-46AE-BE11-662E4079AC14}.Release|iPhoneSimulator.ActiveCfg = Release|Any CPU
		{3A2D7008-3CDB-46AE-BE11-662E4079AC14}.Release|iPhoneSimulator.Build.0 = Release|Any CPU
		{3A2D7008-3CDB-46AE-BE11-662E4079AC14}.Release|iPhoneSimulator.Deploy.0 = Release|Any CPU
	EndGlobalSection
	GlobalSection(SolutionProperties) = preSolution
		HideSolutionNode = FALSE
	EndGlobalSection
	GlobalSection(ExtensibilityGlobals) = postSolution
		SolutionGuid = {BFC39DEB-5694-4C80-9A29-09730BF58EF7}
	EndGlobalSection
EndGlobal
